
Microsoft Visual Studio Solution File, Format Version 12.00
# Visual Studio Version 17
VisualStudioVersion = 17.0.31612.314
MinimumVisualStudioVersion = 10.0.40219.1
Project("{FAE04EC0-301F-11D3-BF4B-00C04F79EFBC}") = "ChatHost", "ChatHost\ChatHost.csproj", "{BA7AC841-2093-4798-BF6F-F6FD74A0FC60}"
EndProject
Project("{FAE04EC0-301F-11D3-BF4B-00C04F79EFBC}") = "Teams.Chat", "Teams.Chat\Teams.Chat.csproj", "{D63C8897-E233-4EBC-9876-FB7FB436D02B}"
EndProject
Project("{FAE04EC0-301F-11D3-BF4B-00C04F79EFBC}") = "Teams.Client", "Teams.Client\Teams.Client.csproj", "{28E00480-0585-4D7E-B47D-D896FCAFA6C2}"
EndProject
Global
	GlobalSection(SolutionConfigurationPlatforms) = preSolution
		Debug|Any CPU = Debug|Any CPU
		Release|Any CPU = Release|Any CPU
	EndGlobalSection
	GlobalSection(ProjectConfigurationPlatforms) = postSolution
		{BA7AC841-2093-4798-BF6F-F6FD74A0FC60}.Debug|Any CPU.ActiveCfg = Debug|Any CPU
		{BA7AC841-2093-4798-BF6F-F6FD74A0FC60}.Debug|Any CPU.Build.0 = Debug|Any CPU
		{BA7AC841-2093-4798-BF6F-F6FD74A0FC60}.Release|Any CPU.ActiveCfg = Release|Any CPU
		{BA7AC841-2093-4798-BF6F-F6FD74A0FC60}.Release|Any CPU.Build.0 = Release|Any CPU
		{D63C8897-E233-4EBC-9876-FB7FB436D02B}.Debug|Any CPU.ActiveCfg = Debug|Any CPU
		{D63C8897-E233-4EBC-9876-FB7FB436D02B}.Debug|Any CPU.Build.0 = Debug|Any CPU
		{D63C8897-E233-4EBC-9876-FB7FB436D02B}.Release|Any CPU.ActiveCfg = Release|Any CPU
		{D63C8897-E233-4EBC-9876-FB7FB436D02B}.Release|Any CPU.Build.0 = Release|Any CPU
		{28E00480-0585-4D7E-B47D-D896FCAFA6C2}.Debug|Any CPU.ActiveCfg = Debug|Any CPU
		{28E00480-0585-4D7E-B47D-D896FCAFA6C2}.Debug|Any CPU.Build.0 = Debug|Any CPU
		{28E00480-0585-4D7E-B47D-D896FCAFA6C2}.Release|Any CPU.ActiveCfg = Release|Any CPU
		{28E00480-0585-4D7E-B47D-D896FCAFA6C2}.Release|Any CPU.Build.0 = Release|Any CPU
	EndGlobalSection
	GlobalSection(SolutionProperties) = preSolution
		HideSolutionNode = FALSE
	EndGlobalSection
	GlobalSection(ExtensibilityGlobals) = postSolution
		SolutionGuid = {33AB208D-08A2-4CA6-831B-D94BEADC0906}
	EndGlobalSection
EndGlobal
